
Microsoft Visual Studio Solution File, Format Version 12.00
# Visual Studio Version 16
VisualStudioVersion = 16.0.31424.327
MinimumVisualStudioVersion = 10.0.40219.1
Project("{FAE04EC0-301F-11D3-BF4B-00C04F79EFBC}") = "01.ReverseStrings", "01.ReverseStrings.csproj", "{C9AE02EA-8774-4347-90F3-314576C9F73C}"
EndProject
Global
	GlobalSection(SolutionConfigurationPlatforms) = preSolution
		Debug|Any CPU = Debug|Any CPU
		Release|Any CPU = Release|Any CPU
	EndGlobalSection
	GlobalSection(ProjectConfigurationPlatforms) = postSolution
		{C9AE02EA-8774-4347-90F3-314576C9F73C}.Debug|Any CPU.ActiveCfg = Debug|Any CPU
		{C9AE02EA-8774-4347-90F3-314576C9F73C}.Debug|Any CPU.Build.0 = Debug|Any CPU
		{C9AE02EA-8774-4347-90F3-314576C9F73C}.Release|Any CPU.ActiveCfg = Release|Any CPU
		{C9AE02EA-8774-4347-90F3-314576C9F73C}.Release|Any CPU.Build.0 = Release|Any CPU
	EndGlobalSection
	GlobalSection(SolutionProperties) = preSolution
		HideSolutionNode = FALSE
	EndGlobalSection
	GlobalSection(ExtensibilityGlobals) = postSolution
		SolutionGuid = {E66D0D23-2B01-4AA6-A78A-896AB26DC1EE}
	EndGlobalSection
EndGlobal
